
Microsoft Visual Studio Solution File, Format Version 11.00
# Visual Studio 2010
Project("{FAE04EC0-301F-11D3-BF4B-00C04F79EFBC}") = "NotifiTest", "NotifiTest\NotifiTest.csproj", "{29018519-1E31-4C8B-A6BF-C6D78AE605B2}"
EndProject
Global
	GlobalSection(SolutionConfigurationPlatforms) = preSolution
		Debug|x86 = Debug|x86
		Release|x86 = Release|x86
	EndGlobalSection
	GlobalSection(ProjectConfigurationPlatforms) = postSolution
		{29018519-1E31-4C8B-A6BF-C6D78AE605B2}.Debug|x86.ActiveCfg = Debug|x86
		{29018519-1E31-4C8B-A6BF-C6D78AE605B2}.Debug|x86.Build.0 = Debug|x86
		{29018519-1E31-4C8B-A6BF-C6D78AE605B2}.Release|x86.ActiveCfg = Release|x86
		{29018519-1E31-4C8B-A6BF-C6D78AE605B2}.Release|x86.Build.0 = Release|x86
	EndGlobalSection
	GlobalSection(SolutionProperties) = preSolution
		HideSolutionNode = FALSE
	EndGlobalSection
EndGlobal
