
Microsoft Visual Studio Solution File, Format Version 12.00
# Visual Studio 2012
Project("{FAE04EC0-301F-11D3-BF4B-00C04F79EFBC}") = "IconPack", "IconPack\IconPack.csproj", "{0A2474A3-DC60-42EC-A79C-28CF6DD7BC4C}"
EndProject
Global
	GlobalSection(SolutionConfigurationPlatforms) = preSolution
		Debug|Any CPU = Debug|Any CPU
		Release|Any CPU = Release|Any CPU
	EndGlobalSection
	GlobalSection(ProjectConfigurationPlatforms) = postSolution
		{0A2474A3-DC60-42EC-A79C-28CF6DD7BC4C}.Debug|Any CPU.ActiveCfg = Debug|Any CPU
		{0A2474A3-DC60-42EC-A79C-28CF6DD7BC4C}.Debug|Any CPU.Build.0 = Debug|Any CPU
		{0A2474A3-DC60-42EC-A79C-28CF6DD7BC4C}.Release|Any CPU.ActiveCfg = Release|Any CPU
		{0A2474A3-DC60-42EC-A79C-28CF6DD7BC4C}.Release|Any CPU.Build.0 = Release|Any CPU
	EndGlobalSection
	GlobalSection(SolutionProperties) = preSolution
		HideSolutionNode = FALSE
	EndGlobalSection
EndGlobal
