
Microsoft Visual Studio Solution File, Format Version 11.00
# Visual Studio 2010
Project("{FAE04EC0-301F-11D3-BF4B-00C04F79EFBC}") = "InventoryTrackingSystem", "InventoryTrackingSystem (2010)\InventoryTrackingSystem.csproj", "{EA40F2DA-CC47-4C8B-A554-B0CFD83F4AD4}"
EndProject
Project("{FAE04EC0-301F-11D3-BF4B-00C04F79EFBC}") = "dbexlib", "dbexlib\dbexlib.csproj", "{AD5E85F5-E6ED-4B33-93BC-EE66DA5423E3}"
EndProject
Global
	GlobalSection(SolutionConfigurationPlatforms) = preSolution
		Debug|Any CPU = Debug|Any CPU
		Release|Any CPU = Release|Any CPU
	EndGlobalSection
	GlobalSection(ProjectConfigurationPlatforms) = postSolution
		{EA40F2DA-CC47-4C8B-A554-B0CFD83F4AD4}.Debug|Any CPU.ActiveCfg = Debug|Any CPU
		{EA40F2DA-CC47-4C8B-A554-B0CFD83F4AD4}.Debug|Any CPU.Build.0 = Debug|Any CPU
		{EA40F2DA-CC47-4C8B-A554-B0CFD83F4AD4}.Release|Any CPU.ActiveCfg = Release|Any CPU
		{EA40F2DA-CC47-4C8B-A554-B0CFD83F4AD4}.Release|Any CPU.Build.0 = Release|Any CPU
		{AD5E85F5-E6ED-4B33-93BC-EE66DA5423E3}.Debug|Any CPU.ActiveCfg = Debug|Any CPU
		{AD5E85F5-E6ED-4B33-93BC-EE66DA5423E3}.Debug|Any CPU.Build.0 = Debug|Any CPU
		{AD5E85F5-E6ED-4B33-93BC-EE66DA5423E3}.Release|Any CPU.ActiveCfg = Release|Any CPU
		{AD5E85F5-E6ED-4B33-93BC-EE66DA5423E3}.Release|Any CPU.Build.0 = Release|Any CPU
	EndGlobalSection
	GlobalSection(SolutionProperties) = preSolution
		HideSolutionNode = FALSE
	EndGlobalSection
EndGlobal
