
Microsoft Visual Studio Solution File, Format Version 11.00
# Visual Studio 2010
Project("{FAE04EC0-301F-11D3-BF4B-00C04F79EFBC}") = "SNTXTBX", "SNTXTBX\SNTXTBX.csproj", "{C39081E6-3CF6-4770-857E-D9AED1F6E1EA}"
EndProject
Global
	GlobalSection(SolutionConfigurationPlatforms) = preSolution
		Debug|Any CPU = Debug|Any CPU
		Release|Any CPU = Release|Any CPU
	EndGlobalSection
	GlobalSection(ProjectConfigurationPlatforms) = postSolution
		{C39081E6-3CF6-4770-857E-D9AED1F6E1EA}.Debug|Any CPU.ActiveCfg = Debug|Any CPU
		{C39081E6-3CF6-4770-857E-D9AED1F6E1EA}.Debug|Any CPU.Build.0 = Debug|Any CPU
		{C39081E6-3CF6-4770-857E-D9AED1F6E1EA}.Release|Any CPU.ActiveCfg = Release|Any CPU
		{C39081E6-3CF6-4770-857E-D9AED1F6E1EA}.Release|Any CPU.Build.0 = Release|Any CPU
	EndGlobalSection
	GlobalSection(SolutionProperties) = preSolution
		HideSolutionNode = FALSE
	EndGlobalSection
EndGlobal
