
Microsoft Visual Studio Solution File, Format Version 11.00
# Visual Studio 2010
Project("{FAE04EC0-301F-11D3-BF4B-00C04F79EFBC}") = "MasterFormTempl", "MasterFormTempl\MasterFormTempl.csproj", "{FD885C32-D8F7-4B3E-9BC0-C4E3252B3DA6}"
EndProject
Global
	GlobalSection(SolutionConfigurationPlatforms) = preSolution
		Debug|x86 = Debug|x86
		Release|x86 = Release|x86
	EndGlobalSection
	GlobalSection(ProjectConfigurationPlatforms) = postSolution
		{FD885C32-D8F7-4B3E-9BC0-C4E3252B3DA6}.Debug|x86.ActiveCfg = Debug|x86
		{FD885C32-D8F7-4B3E-9BC0-C4E3252B3DA6}.Debug|x86.Build.0 = Debug|x86
		{FD885C32-D8F7-4B3E-9BC0-C4E3252B3DA6}.Release|x86.ActiveCfg = Release|x86
		{FD885C32-D8F7-4B3E-9BC0-C4E3252B3DA6}.Release|x86.Build.0 = Release|x86
	EndGlobalSection
	GlobalSection(SolutionProperties) = preSolution
		HideSolutionNode = FALSE
	EndGlobalSection
EndGlobal
