
Microsoft Visual Studio Solution File, Format Version 11.00
# Visual Studio 2010
Project("{FAE04EC0-301F-11D3-BF4B-00C04F79EFBC}") = "SpaceEater", "SpaceEater\SpaceEater.csproj", "{B0D5271D-02AF-4342-9A60-1D9C9E45A584}"
EndProject
Global
	GlobalSection(SolutionConfigurationPlatforms) = preSolution
		Debug|x86 = Debug|x86
		Release|x86 = Release|x86
	EndGlobalSection
	GlobalSection(ProjectConfigurationPlatforms) = postSolution
		{B0D5271D-02AF-4342-9A60-1D9C9E45A584}.Debug|x86.ActiveCfg = Debug|x86
		{B0D5271D-02AF-4342-9A60-1D9C9E45A584}.Debug|x86.Build.0 = Debug|x86
		{B0D5271D-02AF-4342-9A60-1D9C9E45A584}.Release|x86.ActiveCfg = Release|x86
		{B0D5271D-02AF-4342-9A60-1D9C9E45A584}.Release|x86.Build.0 = Release|x86
	EndGlobalSection
	GlobalSection(SolutionProperties) = preSolution
		HideSolutionNode = FALSE
	EndGlobalSection
EndGlobal
